
Microsoft Visual Studio Solution File, Format Version 12.00
# Visual Studio Version 16
VisualStudioVersion = 16.0.30717.126
MinimumVisualStudioVersion = 10.0.40219.1
Project("{FAE04EC0-301F-11D3-BF4B-00C04F79EFBC}") = "DesignPatterns", "DesignPatterns\DesignPatterns.csproj", "{CA48D15E-7625-433F-B313-C0ED5A09467A}"
EndProject
Global
	GlobalSection(SolutionConfigurationPlatforms) = preSolution
		Debug|Any CPU = Debug|Any CPU
		Release|Any CPU = Release|Any CPU
	EndGlobalSection
	GlobalSection(ProjectConfigurationPlatforms) = postSolution
		{CA48D15E-7625-433F-B313-C0ED5A09467A}.Debug|Any CPU.ActiveCfg = Debug|Any CPU
		{CA48D15E-7625-433F-B313-C0ED5A09467A}.Debug|Any CPU.Build.0 = Debug|Any CPU
		{CA48D15E-7625-433F-B313-C0ED5A09467A}.Release|Any CPU.ActiveCfg = Release|Any CPU
		{CA48D15E-7625-433F-B313-C0ED5A09467A}.Release|Any CPU.Build.0 = Release|Any CPU
	EndGlobalSection
	GlobalSection(SolutionProperties) = preSolution
		HideSolutionNode = FALSE
	EndGlobalSection
	GlobalSection(ExtensibilityGlobals) = postSolution
		SolutionGuid = {5B38C105-3AB3-4ED3-A89F-E646F8D3631C}
	EndGlobalSection
EndGlobal
